<?xml version="1.0" encoding="utf-8"?>
<Project ToolsVersion="4.0" xmlns="http://schemas.microsoft.com/developer/msbuild/2003">
  <ItemGroup>
    <Filter Include="Source Files">
      <UniqueIdentifier>{4FC737F1-C7A5-4376-A066-2A32D752A2FF}</UniqueIdentifier>
      <Extensions>cpp;c;cc;cxx;def;odl;idl;hpj;bat;asm;asmx</Extensions>
    </Filter>
    <Filter Include="Header Files">
      <UniqueIdentifier>{93995380-89BD-4b04-88EB-625FBE52EBFB}</UniqueIdentifier>
      <Extensions>h;hh;hpp;hxx;hm;inl;inc;xsd</Extensions>
    </Filter>
    <Filter Include="Resource Files">
      <UniqueIdentifier>{67DA6AB6-F800-4c08-8B7A-83BB121AAD01}</UniqueIdentifier>
      <Extensions>qrc;rc;ico;cur;bmp;dlg;rc2;rct;bin;rgs;gif;jpg;jpeg;jpe;resx;tiff;tif;png;wav;mfcribbon-ms</Extensions>
    </Filter>
    <Filter Include="Form Files">
      <UniqueIdentifier>{99349809-55BA-4b9d-BF79-8FDBB0286EB3}</UniqueIdentifier>
      <Extensions>ui</Extensions>
    </Filter>
    <Filter Include="Translation Files">
      <UniqueIdentifier>{639EADAA-A684-42e4-A9AD-28FC9BCB8F7C}</UniqueIdentifier>
      <Extensions>ts</Extensions>
    </Filter>
    <Filter Include="Source Files\Graphics">
      <UniqueIdentifier>{20aaf72b-bee0-43e8-8314-36d8b75cbc63}</UniqueIdentifier>
    </Filter>
    <Filter Include="Source Files\Unfold">
      <UniqueIdentifier>{1cc1e97e-a1d5-4f02-96f7-6b86513ab504}</UniqueIdentifier>
    </Filter>
  </ItemGroup>
  <ItemGroup>
    <QtRcc Include="UnfoldingShapes.qrc">
      <Filter>Resource Files</Filter>
    </QtRcc>
    <QtUic Include="UnfoldingShapes.ui">
      <Filter>Form Files</Filter>
    </QtUic>
    <QtMoc Include="UnfoldingShapes.h">
      <Filter>Header Files</Filter>
    </QtMoc>
    <ClCompile Include="UnfoldingShapes.cpp">
      <Filter>Source Files</Filter>
    </ClCompile>
  </ItemGroup>
  <ItemGroup>
    <ClCompile Include="main.cpp">
      <Filter>Source Files</Filter>
    </ClCompile>
    <ClCompile Include="glad.c">
      <Filter>Source Files\Graphics</Filter>
    </ClCompile>
    <ClCompile Include="..\LibResources\include\img\ImageLoader.cpp">
      <Filter>Source Files\Graphics</Filter>
    </ClCompile>
    <ClCompile Include="Old Main.cpp">
      <Filter>Source Files\Unfold</Filter>
    </ClCompile>
  </ItemGroup>
  <ItemGroup>
    <ClInclude Include="Asset.h">
      <Filter>Source Files\Graphics</Filter>
    </ClInclude>
    <ClInclude Include="Camera.h">
      <Filter>Source Files\Graphics</Filter>
    </ClInclude>
    <ClInclude Include="GraphicsEngine.h">
      <Filter>Source Files\Graphics</Filter>
    </ClInclude>
    <ClInclude Include="Light.h">
      <Filter>Source Files\Graphics</Filter>
    </ClInclude>
    <ClInclude Include="Mesh.h">
      <Filter>Source Files\Graphics</Filter>
    </ClInclude>
    <ClInclude Include="Model.h">
      <Filter>Source Files\Graphics</Filter>
    </ClInclude>
    <ClInclude Include="Quad.h">
      <Filter>Source Files\Graphics</Filter>
    </ClInclude>
    <ClInclude Include="Skybox.h">
      <Filter>Source Files\Graphics</Filter>
    </ClInclude>
    <ClInclude Include="TextManager.h">
      <Filter>Source Files\Graphics</Filter>
    </ClInclude>
    <ClInclude Include="Animator.h">
      <Filter>Source Files\Unfold</Filter>
    </ClInclude>
    <ClInclude Include="Face.h">
      <Filter>Source Files\Unfold</Filter>
    </ClInclude>
    <ClInclude Include="Graph.h">
      <Filter>Source Files\Unfold</Filter>
    </ClInclude>
    <ClInclude Include="Shape.h">
      <Filter>Source Files\Unfold</Filter>
    </ClInclude>
    <ClInclude Include="Unfold.h">
      <Filter>Source Files\Unfold</Filter>
    </ClInclude>
    <ClInclude Include="UnfoldSolution.h">
      <Filter>Source Files\Unfold</Filter>
    </ClInclude>
  </ItemGroup>
</Project>